
Microsoft Visual Studio Solution File, Format Version 12.00
# Visual Studio Version 16
VisualStudioVersion = 16.0.29709.97
MinimumVisualStudioVersion = 10.0.40219.1
Project("{FAE04EC0-301F-11D3-BF4B-00C04F79EFBC}") = "QuickBuy.Dominio", "QuickBuy.Dominio\QuickBuy.Dominio.csproj", "{5BE26415-2669-4C83-B408-04DE9EA0BBFC}"
EndProject
Project("{FAE04EC0-301F-11D3-BF4B-00C04F79EFBC}") = "QuickBuy.Repositorio", "QuickBuy.Repositorio\QuickBuy.Repositorio.csproj", "{EF7CCF96-6DDF-4786-9864-7109860B5758}"
EndProject
Project("{FAE04EC0-301F-11D3-BF4B-00C04F79EFBC}") = "QuickBuy.Web", "QuickBuy.Web\QuickBuy.Web.csproj", "{3FB4ECA7-0616-4484-B4FF-761B272F8791}"
EndProject
Global
	GlobalSection(SolutionConfigurationPlatforms) = preSolution
		Debug|Any CPU = Debug|Any CPU
		Release|Any CPU = Release|Any CPU
	EndGlobalSection
	GlobalSection(ProjectConfigurationPlatforms) = postSolution
		{5BE26415-2669-4C83-B408-04DE9EA0BBFC}.Debug|Any CPU.ActiveCfg = Debug|Any CPU
		{5BE26415-2669-4C83-B408-04DE9EA0BBFC}.Debug|Any CPU.Build.0 = Debug|Any CPU
		{5BE26415-2669-4C83-B408-04DE9EA0BBFC}.Release|Any CPU.ActiveCfg = Release|Any CPU
		{5BE26415-2669-4C83-B408-04DE9EA0BBFC}.Release|Any CPU.Build.0 = Release|Any CPU
		{EF7CCF96-6DDF-4786-9864-7109860B5758}.Debug|Any CPU.ActiveCfg = Debug|Any CPU
		{EF7CCF96-6DDF-4786-9864-7109860B5758}.Debug|Any CPU.Build.0 = Debug|Any CPU
		{EF7CCF96-6DDF-4786-9864-7109860B5758}.Release|Any CPU.ActiveCfg = Release|Any CPU
		{EF7CCF96-6DDF-4786-9864-7109860B5758}.Release|Any CPU.Build.0 = Release|Any CPU
		{3FB4ECA7-0616-4484-B4FF-761B272F8791}.Debug|Any CPU.ActiveCfg = Debug|Any CPU
		{3FB4ECA7-0616-4484-B4FF-761B272F8791}.Debug|Any CPU.Build.0 = Debug|Any CPU
		{3FB4ECA7-0616-4484-B4FF-761B272F8791}.Release|Any CPU.ActiveCfg = Release|Any CPU
		{3FB4ECA7-0616-4484-B4FF-761B272F8791}.Release|Any CPU.Build.0 = Release|Any CPU
	EndGlobalSection
	GlobalSection(SolutionProperties) = preSolution
		HideSolutionNode = FALSE
	EndGlobalSection
	GlobalSection(ExtensibilityGlobals) = postSolution
		SolutionGuid = {7BFC180F-2544-4872-87A1-B34A4AF39B63}
	EndGlobalSection
EndGlobal
